// !$*UTF8*$!
{
	archiveVersion = 1;
	classes = {
	};
	objectVersion = 56;
	objects = {

/* Begin PBXBuildFile section */
		9D3C8E292AF3E0CC0064DDEB /* AppDelegate.swift in Sources */ = {isa = PBXBuildFile; fileRef = 9D3C8E282AF3E0CC0064DDEB /* AppDelegate.swift */; };
		9D3C8E2B2AF3E0CC0064DDEB /* SceneDelegate.swift in Sources */ = {isa = PBXBuildFile; fileRef = 9D3C8E2A2AF3E0CC0064DDEB /* SceneDelegate.swift */; };
		9D3C8E302AF3E0CC0064DDEB /* Main.storyboard in Resources */ = {isa = PBXBuildFile; fileRef = 9D3C8E2E2AF3E0CC0064DDEB /* Main.storyboard */; };
		9D3C8E322AF3E0CD0064DDEB /* Assets.xcassets in Resources */ = {isa = PBXBuildFile; fileRef = 9D3C8E312AF3E0CD0064DDEB /* Assets.xcassets */; };
		9D3C8E352AF3E0CD0064DDEB /* LaunchScreen.storyboard in Resources */ = {isa = PBXBuildFile; fileRef = 9D3C8E332AF3E0CD0064DDEB /* LaunchScreen.storyboard */; };
		9D3C8E592AF3E16C0064DDEB /* LibraryTableViewController.swift in Sources */ = {isa = PBXBuildFile; fileRef = 9D3C8E582AF3E16C0064DDEB /* LibraryTableViewController.swift */; };
		9D3C8E5B2AF3E3C60064DDEB /* LibraryDetailViewController.swift in Sources */ = {isa = PBXBuildFile; fileRef = 9D3C8E5A2AF3E3C60064DDEB /* LibraryDetailViewController.swift */; };
		9D3C8E5F2AF3E8400064DDEB /* Library.swift in Sources */ = {isa = PBXBuildFile; fileRef = 9D3C8E5E2AF3E8400064DDEB /* Library.swift */; };
		9D3C8E612AF3E8760064DDEB /* Location.swift in Sources */ = {isa = PBXBuildFile; fileRef = 9D3C8E602AF3E8760064DDEB /* Location.swift */; };
		9D3C8E632AF3E8A00064DDEB /* Website.swift in Sources */ = {isa = PBXBuildFile; fileRef = 9D3C8E622AF3E8A00064DDEB /* Website.swift */; };
		9D3C8E672AF3EB8C0064DDEB /* ViewController+ErrorDialog.swift in Sources */ = {isa = PBXBuildFile; fileRef = 9D3C8E662AF3EB8C0064DDEB /* ViewController+ErrorDialog.swift */; };
		9D3C8E692AF3EBF10064DDEB /* String+LibraryHourFormatting.swift in Sources */ = {isa = PBXBuildFile; fileRef = 9D3C8E682AF3EBF10064DDEB /* String+LibraryHourFormatting.swift */; };
		9D3C8EB22AF4B65E0064DDEB /* LibraryDataSource.swift in Sources */ = {isa = PBXBuildFile; fileRef = 9D3C8EB12AF4B65E0064DDEB /* LibraryDataSource.swift */; };
		9D3C8EB82AF54CB50064DDEB /* ViewController+ErrorDialog.swift in Sources */ = {isa = PBXBuildFile; fileRef = 9D3C8E662AF3EB8C0064DDEB /* ViewController+ErrorDialog.swift */; };
		9D3C8EBB2AF54CB50064DDEB /* LibraryDataSource.swift in Sources */ = {isa = PBXBuildFile; fileRef = 9D3C8EB12AF4B65E0064DDEB /* LibraryDataSource.swift */; };
		9D3C8EBD2AF54CB50064DDEB /* Website.swift in Sources */ = {isa = PBXBuildFile; fileRef = 9D3C8E622AF3E8A00064DDEB /* Website.swift */; };
		9D3C8EBF2AF54CB50064DDEB /* String+LibraryHourFormatting.swift in Sources */ = {isa = PBXBuildFile; fileRef = 9D3C8E682AF3EBF10064DDEB /* String+LibraryHourFormatting.swift */; };
		9D3C8EC02AF54CB50064DDEB /* Library.swift in Sources */ = {isa = PBXBuildFile; fileRef = 9D3C8E5E2AF3E8400064DDEB /* Library.swift */; };
		9D3C8EC12AF54CB50064DDEB /* Location.swift in Sources */ = {isa = PBXBuildFile; fileRef = 9D3C8E602AF3E8760064DDEB /* Location.swift */; };
		9D3C8EC42AF54CB50064DDEB /* LaunchScreen.storyboard in Resources */ = {isa = PBXBuildFile; fileRef = 9D3C8E332AF3E0CD0064DDEB /* LaunchScreen.storyboard */; };
		9D3C8EC52AF54CB50064DDEB /* Assets.xcassets in Resources */ = {isa = PBXBuildFile; fileRef = 9D3C8E312AF3E0CD0064DDEB /* Assets.xcassets */; };
		9D3C8EC62AF54CB50064DDEB /* Main.storyboard in Resources */ = {isa = PBXBuildFile; fileRef = 9D3C8E2E2AF3E0CC0064DDEB /* Main.storyboard */; };
		9D3C8EDA2AF54E280064DDEB /* LibraryMapView.swift in Sources */ = {isa = PBXBuildFile; fileRef = 9D3C8ED72AF54E280064DDEB /* LibraryMapView.swift */; };
		9D3C8EDB2AF54E280064DDEB /* LibraryPhoneTextView.swift in Sources */ = {isa = PBXBuildFile; fileRef = 9D3C8ED82AF54E280064DDEB /* LibraryPhoneTextView.swift */; };
		9D3C8EDC2AF54E280064DDEB /* LibraryLabel.swift in Sources */ = {isa = PBXBuildFile; fileRef = 9D3C8ED92AF54E280064DDEB /* LibraryLabel.swift */; };
		9D3C8EE02AF54E5B0064DDEB /* LibraryViewController.swift in Sources */ = {isa = PBXBuildFile; fileRef = 9D3C8EDE2AF54E5B0064DDEB /* LibraryViewController.swift */; };
		9D3C8EE12AF54E5B0064DDEB /* LibraryDetailViewController.swift in Sources */ = {isa = PBXBuildFile; fileRef = 9D3C8EDF2AF54E5B0064DDEB /* LibraryDetailViewController.swift */; };
		9D3C8EEC2AF54EED0064DDEB /* AppDelegate.swift in Sources */ = {isa = PBXBuildFile; fileRef = 9D3C8EEB2AF54EE80064DDEB /* AppDelegate.swift */; };
		9D3C8EED2AF54EF10064DDEB /* SceneDelegate.swift in Sources */ = {isa = PBXBuildFile; fileRef = 9D3C8EEA2AF54EE80064DDEB /* SceneDelegate.swift */; };
		9D3C8EF92AF58E010064DDEB /* Assets.xcassets in Resources */ = {isa = PBXBuildFile; fileRef = 9D3C8EF82AF58E010064DDEB /* Assets.xcassets */; };
		9D3C8EFC2AF58E010064DDEB /* Preview Assets.xcassets in Resources */ = {isa = PBXBuildFile; fileRef = 9D3C8EFB2AF58E010064DDEB /* Preview Assets.xcassets */; };
		9D3C8F002AF58FD90064DDEB /* Library.swift in Sources */ = {isa = PBXBuildFile; fileRef = 9D3C8E5E2AF3E8400064DDEB /* Library.swift */; };
		9D3C8F012AF58FDD0064DDEB /* Location.swift in Sources */ = {isa = PBXBuildFile; fileRef = 9D3C8E602AF3E8760064DDEB /* Location.swift */; };
		9D3C8F022AF58FE00064DDEB /* Website.swift in Sources */ = {isa = PBXBuildFile; fileRef = 9D3C8E622AF3E8A00064DDEB /* Website.swift */; };
		9D3C8F032AF590060064DDEB /* String+LibraryHourFormatting.swift in Sources */ = {isa = PBXBuildFile; fileRef = 9D3C8E682AF3EBF10064DDEB /* String+LibraryHourFormatting.swift */; };
		9D3C8F062AF5903F0064DDEB /* LibraryMapView.swift in Sources */ = {isa = PBXBuildFile; fileRef = 9D3C8F052AF5903F0064DDEB /* LibraryMapView.swift */; };
		9D3C8F082AF590460064DDEB /* LibraryPhoneNumberView.swift in Sources */ = {isa = PBXBuildFile; fileRef = 9D3C8F072AF590460064DDEB /* LibraryPhoneNumberView.swift */; };
		9D3C8F0B2AF590630064DDEB /* LibraryDataSource.swift in Sources */ = {isa = PBXBuildFile; fileRef = 9D3C8F0A2AF590630064DDEB /* LibraryDataSource.swift */; };
		9D3C8F0D2AF590790064DDEB /* PreviewData.swift in Sources */ = {isa = PBXBuildFile; fileRef = 9D3C8F0C2AF590790064DDEB /* PreviewData.swift */; };
		9D3C8F112AF5914B0064DDEB /* LibraryDetailView.swift in Sources */ = {isa = PBXBuildFile; fileRef = 9D3C8F0E2AF5914B0064DDEB /* LibraryDetailView.swift */; };
		9D3C8F122AF5914B0064DDEB /* LibraryView.swift in Sources */ = {isa = PBXBuildFile; fileRef = 9D3C8F0F2AF5914B0064DDEB /* LibraryView.swift */; };
		9D3C8F132AF5914B0064DDEB /* SwiftUILibrariesApp.swift in Sources */ = {isa = PBXBuildFile; fileRef = 9D3C8F102AF5914B0064DDEB /* SwiftUILibrariesApp.swift */; };
		9D3C8F152AF6A85B0064DDEB /* Webservice.plist in Resources */ = {isa = PBXBuildFile; fileRef = 9D3C8F142AF6A85B0064DDEB /* Webservice.plist */; };
		9D3C8F162AF6A85B0064DDEB /* Webservice.plist in Resources */ = {isa = PBXBuildFile; fileRef = 9D3C8F142AF6A85B0064DDEB /* Webservice.plist */; };
		9D3C8F172AF6B06A0064DDEB /* Webservice.plist in Resources */ = {isa = PBXBuildFile; fileRef = 9D3C8F142AF6A85B0064DDEB /* Webservice.plist */; };
		9D3C8F192AF6B2120064DDEB /* PlistParser.swift in Sources */ = {isa = PBXBuildFile; fileRef = 9D3C8F182AF6B2120064DDEB /* PlistParser.swift */; };
		9D3C8F1A2AF6B33B0064DDEB /* PlistParser.swift in Sources */ = {isa = PBXBuildFile; fileRef = 9D3C8F182AF6B2120064DDEB /* PlistParser.swift */; };
		9D3C8F1B2AF6B33C0064DDEB /* PlistParser.swift in Sources */ = {isa = PBXBuildFile; fileRef = 9D3C8F182AF6B2120064DDEB /* PlistParser.swift */; };
/* End PBXBuildFile section */

/* Begin PBXFileReference section */
		9D3C8E252AF3E0CC0064DDEB /* SwiftLibraries.app */ = {isa = PBXFileReference; explicitFileType = wrapper.application; includeInIndex = 0; path = SwiftLibraries.app; sourceTree = BUILT_PRODUCTS_DIR; };
		9D3C8E282AF3E0CC0064DDEB /* AppDelegate.swift */ = {isa = PBXFileReference; lastKnownFileType = sourcecode.swift; path = AppDelegate.swift; sourceTree = "<group>"; };
		9D3C8E2A2AF3E0CC0064DDEB /* SceneDelegate.swift */ = {isa = PBXFileReference; lastKnownFileType = sourcecode.swift; path = SceneDelegate.swift; sourceTree = "<group>"; };
		9D3C8E2F2AF3E0CC0064DDEB /* Base */ = {isa = PBXFileReference; lastKnownFileType = file.storyboard; name = Base; path = Base.lproj/Main.storyboard; sourceTree = "<group>"; };
		9D3C8E312AF3E0CD0064DDEB /* Assets.xcassets */ = {isa = PBXFileReference; lastKnownFileType = folder.assetcatalog; path = Assets.xcassets; sourceTree = "<group>"; };
		9D3C8E342AF3E0CD0064DDEB /* Base */ = {isa = PBXFileReference; lastKnownFileType = file.storyboard; name = Base; path = Base.lproj/LaunchScreen.storyboard; sourceTree = "<group>"; };
		9D3C8E362AF3E0CD0064DDEB /* SwiftLibraries.plist */ = {isa = PBXFileReference; lastKnownFileType = text.plist.xml; name = SwiftLibraries.plist; path = /Users/allan/repos/UniversalChiLibs/UniversalChiLibs/SwiftLibraries/SwiftLibraries.plist; sourceTree = "<absolute>"; };
		9D3C8E582AF3E16C0064DDEB /* LibraryTableViewController.swift */ = {isa = PBXFileReference; lastKnownFileType = sourcecode.swift; path = LibraryTableViewController.swift; sourceTree = "<group>"; };
		9D3C8E5A2AF3E3C60064DDEB /* LibraryDetailViewController.swift */ = {isa = PBXFileReference; lastKnownFileType = sourcecode.swift; path = LibraryDetailViewController.swift; sourceTree = "<group>"; };
		9D3C8E5E2AF3E8400064DDEB /* Library.swift */ = {isa = PBXFileReference; lastKnownFileType = sourcecode.swift; path = Library.swift; sourceTree = "<group>"; };
		9D3C8E602AF3E8760064DDEB /* Location.swift */ = {isa = PBXFileReference; lastKnownFileType = sourcecode.swift; path = Location.swift; sourceTree = "<group>"; };
		9D3C8E622AF3E8A00064DDEB /* Website.swift */ = {isa = PBXFileReference; lastKnownFileType = sourcecode.swift; path = Website.swift; sourceTree = "<group>"; };
		9D3C8E662AF3EB8C0064DDEB /* ViewController+ErrorDialog.swift */ = {isa = PBXFileReference; lastKnownFileType = sourcecode.swift; path = "ViewController+ErrorDialog.swift"; sourceTree = "<group>"; };
		9D3C8E682AF3EBF10064DDEB /* String+LibraryHourFormatting.swift */ = {isa = PBXFileReference; lastKnownFileType = sourcecode.swift; path = "String+LibraryHourFormatting.swift"; sourceTree = "<group>"; };
		9D3C8EB12AF4B65E0064DDEB /* LibraryDataSource.swift */ = {isa = PBXFileReference; lastKnownFileType = sourcecode.swift; path = LibraryDataSource.swift; sourceTree = "<group>"; };
		9D3C8ECA2AF54CB50064DDEB /* SwiftLibsNoSB.app */ = {isa = PBXFileReference; explicitFileType = wrapper.application; includeInIndex = 0; path = SwiftLibsNoSB.app; sourceTree = BUILT_PRODUCTS_DIR; };
		9D3C8ECB2AF54CB50064DDEB /* SwiftLibsNoSB.plist */ = {isa = PBXFileReference; lastKnownFileType = text.plist.xml; name = SwiftLibsNoSB.plist; path = /Users/allan/repos/UniversalChiLibs/UniversalChiLibs/SwiftLIbsNoSB/SwiftLibsNoSB.plist; sourceTree = "<absolute>"; };
		9D3C8ED72AF54E280064DDEB /* LibraryMapView.swift */ = {isa = PBXFileReference; fileEncoding = 4; lastKnownFileType = sourcecode.swift; path = LibraryMapView.swift; sourceTree = "<group>"; };
		9D3C8ED82AF54E280064DDEB /* LibraryPhoneTextView.swift */ = {isa = PBXFileReference; fileEncoding = 4; lastKnownFileType = sourcecode.swift; path = LibraryPhoneTextView.swift; sourceTree = "<group>"; };
		9D3C8ED92AF54E280064DDEB /* LibraryLabel.swift */ = {isa = PBXFileReference; fileEncoding = 4; lastKnownFileType = sourcecode.swift; path = LibraryLabel.swift; sourceTree = "<group>"; };
		9D3C8EDE2AF54E5B0064DDEB /* LibraryViewController.swift */ = {isa = PBXFileReference; fileEncoding = 4; lastKnownFileType = sourcecode.swift; path = LibraryViewController.swift; sourceTree = "<group>"; };
		9D3C8EDF2AF54E5B0064DDEB /* LibraryDetailViewController.swift */ = {isa = PBXFileReference; fileEncoding = 4; lastKnownFileType = sourcecode.swift; path = LibraryDetailViewController.swift; sourceTree = "<group>"; };
		9D3C8EEA2AF54EE80064DDEB /* SceneDelegate.swift */ = {isa = PBXFileReference; lastKnownFileType = sourcecode.swift; path = SceneDelegate.swift; sourceTree = "<group>"; };
		9D3C8EEB2AF54EE80064DDEB /* AppDelegate.swift */ = {isa = PBXFileReference; lastKnownFileType = sourcecode.swift; path = AppDelegate.swift; sourceTree = "<group>"; };
		9D3C8EF22AF58E000064DDEB /* SwiftUILibraries.app */ = {isa = PBXFileReference; explicitFileType = wrapper.application; includeInIndex = 0; path = SwiftUILibraries.app; sourceTree = BUILT_PRODUCTS_DIR; };
		9D3C8EF82AF58E010064DDEB /* Assets.xcassets */ = {isa = PBXFileReference; lastKnownFileType = folder.assetcatalog; path = Assets.xcassets; sourceTree = "<group>"; };
		9D3C8EFB2AF58E010064DDEB /* Preview Assets.xcassets */ = {isa = PBXFileReference; lastKnownFileType = folder.assetcatalog; path = "Preview Assets.xcassets"; sourceTree = "<group>"; };
		9D3C8F052AF5903F0064DDEB /* LibraryMapView.swift */ = {isa = PBXFileReference; fileEncoding = 4; lastKnownFileType = sourcecode.swift; path = LibraryMapView.swift; sourceTree = "<group>"; };
		9D3C8F072AF590460064DDEB /* LibraryPhoneNumberView.swift */ = {isa = PBXFileReference; fileEncoding = 4; lastKnownFileType = sourcecode.swift; path = LibraryPhoneNumberView.swift; sourceTree = "<group>"; };
		9D3C8F0A2AF590630064DDEB /* LibraryDataSource.swift */ = {isa = PBXFileReference; fileEncoding = 4; lastKnownFileType = sourcecode.swift; path = LibraryDataSource.swift; sourceTree = "<group>"; };
		9D3C8F0C2AF590790064DDEB /* PreviewData.swift */ = {isa = PBXFileReference; fileEncoding = 4; lastKnownFileType = sourcecode.swift; path = PreviewData.swift; sourceTree = "<group>"; };
		9D3C8F0E2AF5914B0064DDEB /* LibraryDetailView.swift */ = {isa = PBXFileReference; fileEncoding = 4; lastKnownFileType = sourcecode.swift; path = LibraryDetailView.swift; sourceTree = "<group>"; };
		9D3C8F0F2AF5914B0064DDEB /* LibraryView.swift */ = {isa = PBXFileReference; fileEncoding = 4; lastKnownFileType = sourcecode.swift; path = LibraryView.swift; sourceTree = "<group>"; };
		9D3C8F102AF5914B0064DDEB /* SwiftUILibrariesApp.swift */ = {isa = PBXFileReference; fileEncoding = 4; lastKnownFileType = sourcecode.swift; path = SwiftUILibrariesApp.swift; sourceTree = "<group>"; };
		9D3C8F142AF6A85B0064DDEB /* Webservice.plist */ = {isa = PBXFileReference; lastKnownFileType = text.plist.xml; path = Webservice.plist; sourceTree = "<group>"; };
		9D3C8F182AF6B2120064DDEB /* PlistParser.swift */ = {isa = PBXFileReference; lastKnownFileType = sourcecode.swift; path = PlistParser.swift; sourceTree = "<group>"; };
/* End PBXFileReference section */

/* Begin PBXFrameworksBuildPhase section */
		9D3C8E222AF3E0CC0064DDEB /* Frameworks */ = {
			isa = PBXFrameworksBuildPhase;
			buildActionMask = 2147483647;
			files = (
			);
			runOnlyForDeploymentPostprocessing = 0;
		};
		9D3C8EC22AF54CB50064DDEB /* Frameworks */ = {
			isa = PBXFrameworksBuildPhase;
			buildActionMask = 2147483647;
			files = (
			);
			runOnlyForDeploymentPostprocessing = 0;
		};
		9D3C8EEF2AF58E000064DDEB /* Frameworks */ = {
			isa = PBXFrameworksBuildPhase;
			buildActionMask = 2147483647;
			files = (
			);
			runOnlyForDeploymentPostprocessing = 0;
		};
/* End PBXFrameworksBuildPhase section */

/* Begin PBXGroup section */
		9D3C8E1C2AF3E0CB0064DDEB = {
			isa = PBXGroup;
			children = (
				9D3C8E272AF3E0CC0064DDEB /* UniversalChiLibs */,
				9D3C8E262AF3E0CC0064DDEB /* Products */,
			);
			sourceTree = "<group>";
		};
		9D3C8E262AF3E0CC0064DDEB /* Products */ = {
			isa = PBXGroup;
			children = (
				9D3C8E252AF3E0CC0064DDEB /* SwiftLibraries.app */,
				9D3C8ECA2AF54CB50064DDEB /* SwiftLibsNoSB.app */,
				9D3C8EF22AF58E000064DDEB /* SwiftUILibraries.app */,
			);
			name = Products;
			sourceTree = "<group>";
		};
		9D3C8E272AF3E0CC0064DDEB /* UniversalChiLibs */ = {
			isa = PBXGroup;
			children = (
				9D3C8EB52AF54BF10064DDEB /* SwiftLIbsNoSB */,
				9D3C8EF32AF58E000064DDEB /* SwiftUILibraries */,
				9D3C8E9A2AF495C80064DDEB /* SwiftLibraries */,
				9D3C8EB42AF4C16A0064DDEB /* Common */,
			);
			path = UniversalChiLibs;
			sourceTree = "<group>";
		};
		9D3C8E642AF3EB260064DDEB /* Data Source and Data Models */ = {
			isa = PBXGroup;
			children = (
				9D3C8EB12AF4B65E0064DDEB /* LibraryDataSource.swift */,
				9D3C8E622AF3E8A00064DDEB /* Website.swift */,
				9D3C8E602AF3E8760064DDEB /* Location.swift */,
				9D3C8E5E2AF3E8400064DDEB /* Library.swift */,
			);
			path = "Data Source and Data Models";
			sourceTree = "<group>";
		};
		9D3C8E652AF3EB580064DDEB /* Extensions */ = {
			isa = PBXGroup;
			children = (
				9D3C8E662AF3EB8C0064DDEB /* ViewController+ErrorDialog.swift */,
				9D3C8E682AF3EBF10064DDEB /* String+LibraryHourFormatting.swift */,
				9D3C8F182AF6B2120064DDEB /* PlistParser.swift */,
			);
			path = Extensions;
			sourceTree = "<group>";
		};
		9D3C8E9A2AF495C80064DDEB /* SwiftLibraries */ = {
			isa = PBXGroup;
			children = (
				9D3C8E5A2AF3E3C60064DDEB /* LibraryDetailViewController.swift */,
				9D3C8E582AF3E16C0064DDEB /* LibraryTableViewController.swift */,
				9D3C8E282AF3E0CC0064DDEB /* AppDelegate.swift */,
				9D3C8E2A2AF3E0CC0064DDEB /* SceneDelegate.swift */,
				9D3C8E2E2AF3E0CC0064DDEB /* Main.storyboard */,
				9D3C8E362AF3E0CD0064DDEB /* SwiftLibraries.plist */,
			);
			path = SwiftLibraries;
			sourceTree = "<group>";
		};
		9D3C8EB42AF4C16A0064DDEB /* Common */ = {
			isa = PBXGroup;
			children = (
				9D3C8E652AF3EB580064DDEB /* Extensions */,
				9D3C8E642AF3EB260064DDEB /* Data Source and Data Models */,
				9D3C8E332AF3E0CD0064DDEB /* LaunchScreen.storyboard */,
				9D3C8E312AF3E0CD0064DDEB /* Assets.xcassets */,
				9D3C8F142AF6A85B0064DDEB /* Webservice.plist */,
			);
			path = Common;
			sourceTree = "<group>";
		};
		9D3C8EB52AF54BF10064DDEB /* SwiftLIbsNoSB */ = {
			isa = PBXGroup;
			children = (
				9D3C8EEB2AF54EE80064DDEB /* AppDelegate.swift */,
				9D3C8EEA2AF54EE80064DDEB /* SceneDelegate.swift */,
				9D3C8ED62AF54E280064DDEB /* UI Elements */,
				9D3C8ECB2AF54CB50064DDEB /* SwiftLibsNoSB.plist */,
				9D3C8EDD2AF54E5B0064DDEB /* Library Views */,
			);
			path = SwiftLIbsNoSB;
			sourceTree = "<group>";
		};
		9D3C8ED62AF54E280064DDEB /* UI Elements */ = {
			isa = PBXGroup;
			children = (
				9D3C8ED72AF54E280064DDEB /* LibraryMapView.swift */,
				9D3C8ED82AF54E280064DDEB /* LibraryPhoneTextView.swift */,
				9D3C8ED92AF54E280064DDEB /* LibraryLabel.swift */,
			);
			path = "UI Elements";
			sourceTree = "<group>";
		};
		9D3C8EDD2AF54E5B0064DDEB /* Library Views */ = {
			isa = PBXGroup;
			children = (
				9D3C8EDE2AF54E5B0064DDEB /* LibraryViewController.swift */,
				9D3C8EDF2AF54E5B0064DDEB /* LibraryDetailViewController.swift */,
			);
			path = "Library Views";
			sourceTree = "<group>";
		};
		9D3C8EF32AF58E000064DDEB /* SwiftUILibraries */ = {
			isa = PBXGroup;
			children = (
				9D3C8F092AF5904F0064DDEB /* Data Source */,
				9D3C8F042AF590230064DDEB /* Detail View Components */,
				9D3C8EF82AF58E010064DDEB /* Assets.xcassets */,
				9D3C8F102AF5914B0064DDEB /* SwiftUILibrariesApp.swift */,
				9D3C8F0E2AF5914B0064DDEB /* LibraryDetailView.swift */,
				9D3C8F0F2AF5914B0064DDEB /* LibraryView.swift */,
				9D3C8EFA2AF58E010064DDEB /* Preview Content */,
			);
			path = SwiftUILibraries;
			sourceTree = "<group>";
		};
		9D3C8EFA2AF58E010064DDEB /* Preview Content */ = {
			isa = PBXGroup;
			children = (
				9D3C8F0C2AF590790064DDEB /* PreviewData.swift */,
				9D3C8EFB2AF58E010064DDEB /* Preview Assets.xcassets */,
			);
			path = "Preview Content";
			sourceTree = "<group>";
		};
		9D3C8F042AF590230064DDEB /* Detail View Components */ = {
			isa = PBXGroup;
			children = (
				9D3C8F052AF5903F0064DDEB /* LibraryMapView.swift */,
				9D3C8F072AF590460064DDEB /* LibraryPhoneNumberView.swift */,
			);
			path = "Detail View Components";
			sourceTree = "<group>";
		};
		9D3C8F092AF5904F0064DDEB /* Data Source */ = {
			isa = PBXGroup;
			children = (
				9D3C8F0A2AF590630064DDEB /* LibraryDataSource.swift */,
			);
			path = "Data Source";
			sourceTree = "<group>";
		};
/* End PBXGroup section */

/* Begin PBXNativeTarget section */
		9D3C8E242AF3E0CC0064DDEB /* SwiftLibraries */ = {
			isa = PBXNativeTarget;
			buildConfigurationList = 9D3C8E4F2AF3E0CD0064DDEB /* Build configuration list for PBXNativeTarget "SwiftLibraries" */;
			buildPhases = (
				9D3C8E212AF3E0CC0064DDEB /* Sources */,
				9D3C8E222AF3E0CC0064DDEB /* Frameworks */,
				9D3C8E232AF3E0CC0064DDEB /* Resources */,
			);
			buildRules = (
			);
			dependencies = (
			);
			name = SwiftLibraries;
			productName = UniversalChiLibs;
			productReference = 9D3C8E252AF3E0CC0064DDEB /* SwiftLibraries.app */;
			productType = "com.apple.product-type.application";
		};
		9D3C8EB62AF54CB50064DDEB /* SwiftLibsNoSB */ = {
			isa = PBXNativeTarget;
			buildConfigurationList = 9D3C8EC72AF54CB50064DDEB /* Build configuration list for PBXNativeTarget "SwiftLibsNoSB" */;
			buildPhases = (
				9D3C8EB72AF54CB50064DDEB /* Sources */,
				9D3C8EC22AF54CB50064DDEB /* Frameworks */,
				9D3C8EC32AF54CB50064DDEB /* Resources */,
			);
			buildRules = (
			);
			dependencies = (
			);
			name = SwiftLibsNoSB;
			productName = UniversalChiLibs;
			productReference = 9D3C8ECA2AF54CB50064DDEB /* SwiftLibsNoSB.app */;
			productType = "com.apple.product-type.application";
		};
		9D3C8EF12AF58E000064DDEB /* SwiftUILibraries */ = {
			isa = PBXNativeTarget;
			buildConfigurationList = 9D3C8EFD2AF58E010064DDEB /* Build configuration list for PBXNativeTarget "SwiftUILibraries" */;
			buildPhases = (
				9D3C8EEE2AF58E000064DDEB /* Sources */,
				9D3C8EEF2AF58E000064DDEB /* Frameworks */,
				9D3C8EF02AF58E000064DDEB /* Resources */,
			);
			buildRules = (
			);
			dependencies = (
			);
			name = SwiftUILibraries;
			productName = SwiftUILibraries;
			productReference = 9D3C8EF22AF58E000064DDEB /* SwiftUILibraries.app */;
			productType = "com.apple.product-type.application";
		};
/* End PBXNativeTarget section */

/* Begin PBXProject section */
		9D3C8E1D2AF3E0CB0064DDEB /* Project object */ = {
			isa = PBXProject;
			attributes = {
				BuildIndependentTargetsInParallel = 1;
				LastSwiftUpdateCheck = 1500;
				LastUpgradeCheck = 1500;
				ORGANIZATIONNAME = "AGE Software Consulting, LLC";
				TargetAttributes = {
					9D3C8E242AF3E0CC0064DDEB = {
						CreatedOnToolsVersion = 15.0.1;
					};
					9D3C8EF12AF58E000064DDEB = {
						CreatedOnToolsVersion = 15.0.1;
					};
				};
			};
			buildConfigurationList = 9D3C8E202AF3E0CB0064DDEB /* Build configuration list for PBXProject "UniversalChiLibs" */;
			compatibilityVersion = "Xcode 14.0";
			developmentRegion = en;
			hasScannedForEncodings = 0;
			knownRegions = (
				en,
				Base,
			);
			mainGroup = 9D3C8E1C2AF3E0CB0064DDEB;
			productRefGroup = 9D3C8E262AF3E0CC0064DDEB /* Products */;
			projectDirPath = "";
			projectRoot = "";
			targets = (
				9D3C8E242AF3E0CC0064DDEB /* SwiftLibraries */,
				9D3C8EB62AF54CB50064DDEB /* SwiftLibsNoSB */,
				9D3C8EF12AF58E000064DDEB /* SwiftUILibraries */,
			);
		};
/* End PBXProject section */

/* Begin PBXResourcesBuildPhase section */
		9D3C8E232AF3E0CC0064DDEB /* Resources */ = {
			isa = PBXResourcesBuildPhase;
			buildActionMask = 2147483647;
			files = (
				9D3C8E352AF3E0CD0064DDEB /* LaunchScreen.storyboard in Resources */,
				9D3C8F152AF6A85B0064DDEB /* Webservice.plist in Resources */,
				9D3C8E322AF3E0CD0064DDEB /* Assets.xcassets in Resources */,
				9D3C8E302AF3E0CC0064DDEB /* Main.storyboard in Resources */,
			);
			runOnlyForDeploymentPostprocessing = 0;
		};
		9D3C8EC32AF54CB50064DDEB /* Resources */ = {
			isa = PBXResourcesBuildPhase;
			buildActionMask = 2147483647;
			files = (
				9D3C8EC42AF54CB50064DDEB /* LaunchScreen.storyboard in Resources */,
				9D3C8F162AF6A85B0064DDEB /* Webservice.plist in Resources */,
				9D3C8EC52AF54CB50064DDEB /* Assets.xcassets in Resources */,
				9D3C8EC62AF54CB50064DDEB /* Main.storyboard in Resources */,
			);
			runOnlyForDeploymentPostprocessing = 0;
		};
		9D3C8EF02AF58E000064DDEB /* Resources */ = {
			isa = PBXResourcesBuildPhase;
			buildActionMask = 2147483647;
			files = (
				9D3C8EFC2AF58E010064DDEB /* Preview Assets.xcassets in Resources */,
				9D3C8F172AF6B06A0064DDEB /* Webservice.plist in Resources */,
				9D3C8EF92AF58E010064DDEB /* Assets.xcassets in Resources */,
			);
			runOnlyForDeploymentPostprocessing = 0;
		};
/* End PBXResourcesBuildPhase section */

/* Begin PBXSourcesBuildPhase section */
		9D3C8E212AF3E0CC0064DDEB /* Sources */ = {
			isa = PBXSourcesBuildPhase;
			buildActionMask = 2147483647;
			files = (
				9D3C8F192AF6B2120064DDEB /* PlistParser.swift in Sources */,
				9D3C8E672AF3EB8C0064DDEB /* ViewController+ErrorDialog.swift in Sources */,
				9D3C8E592AF3E16C0064DDEB /* LibraryTableViewController.swift in Sources */,
				9D3C8E5B2AF3E3C60064DDEB /* LibraryDetailViewController.swift in Sources */,
				9D3C8EB22AF4B65E0064DDEB /* LibraryDataSource.swift in Sources */,
				9D3C8E292AF3E0CC0064DDEB /* AppDelegate.swift in Sources */,
				9D3C8E632AF3E8A00064DDEB /* Website.swift in Sources */,
				9D3C8E2B2AF3E0CC0064DDEB /* SceneDelegate.swift in Sources */,
				9D3C8E692AF3EBF10064DDEB /* String+LibraryHourFormatting.swift in Sources */,
				9D3C8E5F2AF3E8400064DDEB /* Library.swift in Sources */,
				9D3C8E612AF3E8760064DDEB /* Location.swift in Sources */,
			);
			runOnlyForDeploymentPostprocessing = 0;
		};
		9D3C8EB72AF54CB50064DDEB /* Sources */ = {
			isa = PBXSourcesBuildPhase;
			buildActionMask = 2147483647;
			files = (
				9D3C8EEC2AF54EED0064DDEB /* AppDelegate.swift in Sources */,
				9D3C8EB82AF54CB50064DDEB /* ViewController+ErrorDialog.swift in Sources */,
				9D3C8EDC2AF54E280064DDEB /* LibraryLabel.swift in Sources */,
				9D3C8EBB2AF54CB50064DDEB /* LibraryDataSource.swift in Sources */,
				9D3C8EE12AF54E5B0064DDEB /* LibraryDetailViewController.swift in Sources */,
				9D3C8EDA2AF54E280064DDEB /* LibraryMapView.swift in Sources */,
				9D3C8EBD2AF54CB50064DDEB /* Website.swift in Sources */,
				9D3C8EDB2AF54E280064DDEB /* LibraryPhoneTextView.swift in Sources */,
				9D3C8EED2AF54EF10064DDEB /* SceneDelegate.swift in Sources */,
				9D3C8EE02AF54E5B0064DDEB /* LibraryViewController.swift in Sources */,
				9D3C8EBF2AF54CB50064DDEB /* String+LibraryHourFormatting.swift in Sources */,
				9D3C8EC02AF54CB50064DDEB /* Library.swift in Sources */,
				9D3C8EC12AF54CB50064DDEB /* Location.swift in Sources */,
				9D3C8F1A2AF6B33B0064DDEB /* PlistParser.swift in Sources */,
			);
			runOnlyForDeploymentPostprocessing = 0;
		};
		9D3C8EEE2AF58E000064DDEB /* Sources */ = {
			isa = PBXSourcesBuildPhase;
			buildActionMask = 2147483647;
			files = (
				9D3C8F132AF5914B0064DDEB /* SwiftUILibrariesApp.swift in Sources */,
				9D3C8F0D2AF590790064DDEB /* PreviewData.swift in Sources */,
				9D3C8F022AF58FE00064DDEB /* Website.swift in Sources */,
				9D3C8F082AF590460064DDEB /* LibraryPhoneNumberView.swift in Sources */,
				9D3C8F0B2AF590630064DDEB /* LibraryDataSource.swift in Sources */,
				9D3C8F1B2AF6B33C0064DDEB /* PlistParser.swift in Sources */,
				9D3C8F062AF5903F0064DDEB /* LibraryMapView.swift in Sources */,
				9D3C8F012AF58FDD0064DDEB /* Location.swift in Sources */,
				9D3C8F002AF58FD90064DDEB /* Library.swift in Sources */,
				9D3C8F112AF5914B0064DDEB /* LibraryDetailView.swift in Sources */,
				9D3C8F122AF5914B0064DDEB /* LibraryView.swift in Sources */,
				9D3C8F032AF590060064DDEB /* String+LibraryHourFormatting.swift in Sources */,
			);
			runOnlyForDeploymentPostprocessing = 0;
		};
/* End PBXSourcesBuildPhase section */

/* Begin PBXVariantGroup section */
		9D3C8E2E2AF3E0CC0064DDEB /* Main.storyboard */ = {
			isa = PBXVariantGroup;
			children = (
				9D3C8E2F2AF3E0CC0064DDEB /* Base */,
			);
			name = Main.storyboard;
			sourceTree = "<group>";
		};
		9D3C8E332AF3E0CD0064DDEB /* LaunchScreen.storyboard */ = {
			isa = PBXVariantGroup;
			children = (
				9D3C8E342AF3E0CD0064DDEB /* Base */,
			);
			name = LaunchScreen.storyboard;
			sourceTree = "<group>";
		};
/* End PBXVariantGroup section */

/* Begin XCBuildConfiguration section */
		9D3C8E4D2AF3E0CD0064DDEB /* Debug */ = {
			isa = XCBuildConfiguration;
			buildSettings = {
				ALWAYS_SEARCH_USER_PATHS = NO;
				ASSETCATALOG_COMPILER_GENERATE_SWIFT_ASSET_SYMBOL_EXTENSIONS = YES;
				CLANG_ANALYZER_NONNULL = YES;
				CLANG_ANALYZER_NUMBER_OBJECT_CONVERSION = YES_AGGRESSIVE;
				CLANG_CXX_LANGUAGE_STANDARD = "gnu++20";
				CLANG_ENABLE_MODULES = YES;
				CLANG_ENABLE_OBJC_ARC = YES;
				CLANG_ENABLE_OBJC_WEAK = YES;
				CLANG_WARN_BLOCK_CAPTURE_AUTORELEASING = YES;
				CLANG_WARN_BOOL_CONVERSION = YES;
				CLANG_WARN_COMMA = YES;
				CLANG_WARN_CONSTANT_CONVERSION = YES;
				CLANG_WARN_DEPRECATED_OBJC_IMPLEMENTATIONS = YES;
				CLANG_WARN_DIRECT_OBJC_ISA_USAGE = YES_ERROR;
				CLANG_WARN_DOCUMENTATION_COMMENTS = YES;
				CLANG_WARN_EMPTY_BODY = YES;
				CLANG_WARN_ENUM_CONVERSION = YES;
				CLANG_WARN_INFINITE_RECURSION = YES;
				CLANG_WARN_INT_CONVERSION = YES;
				CLANG_WARN_NON_LITERAL_NULL_CONVERSION = YES;
				CLANG_WARN_OBJC_IMPLICIT_RETAIN_SELF = YES;
				CLANG_WARN_OBJC_LITERAL_CONVERSION = YES;
				CLANG_WARN_OBJC_ROOT_CLASS = YES_ERROR;
				CLANG_WARN_QUOTED_INCLUDE_IN_FRAMEWORK_HEADER = YES;
				CLANG_WARN_RANGE_LOOP_ANALYSIS = YES;
				CLANG_WARN_STRICT_PROTOTYPES = YES;
				CLANG_WARN_SUSPICIOUS_MOVE = YES;
				CLANG_WARN_UNGUARDED_AVAILABILITY = YES_AGGRESSIVE;
				CLANG_WARN_UNREACHABLE_CODE = YES;
				CLANG_WARN__DUPLICATE_METHOD_MATCH = YES;
				COPY_PHASE_STRIP = NO;
				DEBUG_INFORMATION_FORMAT = dwarf;
				ENABLE_STRICT_OBJC_MSGSEND = YES;
				ENABLE_TESTABILITY = YES;
				ENABLE_USER_SCRIPT_SANDBOXING = YES;
				GCC_C_LANGUAGE_STANDARD = gnu17;
				GCC_DYNAMIC_NO_PIC = NO;
				GCC_NO_COMMON_BLOCKS = YES;
				GCC_OPTIMIZATION_LEVEL = 0;
				GCC_PREPROCESSOR_DEFINITIONS = (
					"DEBUG=1",
					"$(inherited)",
				);
				GCC_WARN_64_TO_32_BIT_CONVERSION = YES;
				GCC_WARN_ABOUT_RETURN_TYPE = YES_ERROR;
				GCC_WARN_UNDECLARED_SELECTOR = YES;
				GCC_WARN_UNINITIALIZED_AUTOS = YES_AGGRESSIVE;
				GCC_WARN_UNUSED_FUNCTION = YES;
				GCC_WARN_UNUSED_VARIABLE = YES;
				IPHONEOS_DEPLOYMENT_TARGET = 16.6;
				LOCALIZATION_PREFERS_STRING_CATALOGS = YES;
				MTL_ENABLE_DEBUG_INFO = INCLUDE_SOURCE;
				MTL_FAST_MATH = YES;
				ONLY_ACTIVE_ARCH = YES;
				SDKROOT = iphoneos;
				SWIFT_ACTIVE_COMPILATION_CONDITIONS = "DEBUG $(inherited)";
				SWIFT_OPTIMIZATION_LEVEL = "-Onone";
			};
			name = Debug;
		};
		9D3C8E4E2AF3E0CD0064DDEB /* Release */ = {
			isa = XCBuildConfiguration;
			buildSettings = {
				ALWAYS_SEARCH_USER_PATHS = NO;
				ASSETCATALOG_COMPILER_GENERATE_SWIFT_ASSET_SYMBOL_EXTENSIONS = YES;
				CLANG_ANALYZER_NONNULL = YES;
				CLANG_ANALYZER_NUMBER_OBJECT_CONVERSION = YES_AGGRESSIVE;
				CLANG_CXX_LANGUAGE_STANDARD = "gnu++20";
				CLANG_ENABLE_MODULES = YES;
				CLANG_ENABLE_OBJC_ARC = YES;
				CLANG_ENABLE_OBJC_WEAK = YES;
				CLANG_WARN_BLOCK_CAPTURE_AUTORELEASING = YES;
				CLANG_WARN_BOOL_CONVERSION = YES;
				CLANG_WARN_COMMA = YES;
				CLANG_WARN_CONSTANT_CONVERSION = YES;
				CLANG_WARN_DEPRECATED_OBJC_IMPLEMENTATIONS = YES;
				CLANG_WARN_DIRECT_OBJC_ISA_USAGE = YES_ERROR;
				CLANG_WARN_DOCUMENTATION_COMMENTS = YES;
				CLANG_WARN_EMPTY_BODY = YES;
				CLANG_WARN_ENUM_CONVERSION = YES;
				CLANG_WARN_INFINITE_RECURSION = YES;
				CLANG_WARN_INT_CONVERSION = YES;
				CLANG_WARN_NON_LITERAL_NULL_CONVERSION = YES;
				CLANG_WARN_OBJC_IMPLICIT_RETAIN_SELF = YES;
				CLANG_WARN_OBJC_LITERAL_CONVERSION = YES;
				CLANG_WARN_OBJC_ROOT_CLASS = YES_ERROR;
				CLANG_WARN_QUOTED_INCLUDE_IN_FRAMEWORK_HEADER = YES;
				CLANG_WARN_RANGE_LOOP_ANALYSIS = YES;
				CLANG_WARN_STRICT_PROTOTYPES = YES;
				CLANG_WARN_SUSPICIOUS_MOVE = YES;
				CLANG_WARN_UNGUARDED_AVAILABILITY = YES_AGGRESSIVE;
				CLANG_WARN_UNREACHABLE_CODE = YES;
				CLANG_WARN__DUPLICATE_METHOD_MATCH = YES;
				COPY_PHASE_STRIP = NO;
				DEBUG_INFORMATION_FORMAT = "dwarf-with-dsym";
				ENABLE_NS_ASSERTIONS = NO;
				ENABLE_STRICT_OBJC_MSGSEND = YES;
				ENABLE_USER_SCRIPT_SANDBOXING = YES;
				GCC_C_LANGUAGE_STANDARD = gnu17;
				GCC_NO_COMMON_BLOCKS = YES;
				GCC_WARN_64_TO_32_BIT_CONVERSION = YES;
				GCC_WARN_ABOUT_RETURN_TYPE = YES_ERROR;
				GCC_WARN_UNDECLARED_SELECTOR = YES;
				GCC_WARN_UNINITIALIZED_AUTOS = YES_AGGRESSIVE;
				GCC_WARN_UNUSED_FUNCTION = YES;
				GCC_WARN_UNUSED_VARIABLE = YES;
				IPHONEOS_DEPLOYMENT_TARGET = 16.6;
				LOCALIZATION_PREFERS_STRING_CATALOGS = YES;
				MTL_ENABLE_DEBUG_INFO = NO;
				MTL_FAST_MATH = YES;
				SDKROOT = iphoneos;
				SWIFT_COMPILATION_MODE = wholemodule;
				VALIDATE_PRODUCT = YES;
			};
			name = Release;
		};
		9D3C8E502AF3E0CD0064DDEB /* Debug */ = {
			isa = XCBuildConfiguration;
			buildSettings = {
				ASSETCATALOG_COMPILER_APPICON_NAME = AppIcon;
				ASSETCATALOG_COMPILER_GLOBAL_ACCENT_COLOR_NAME = AccentColor;
				CODE_SIGN_STYLE = Automatic;
				CURRENT_PROJECT_VERSION = 1;
				DEVELOPMENT_TEAM = W9SQ355FV2;
				GENERATE_INFOPLIST_FILE = YES;
				INFOPLIST_FILE = UniversalChiLibs/SwiftLibraries/SwiftLibraries.plist;
				INFOPLIST_KEY_UIApplicationSupportsIndirectInputEvents = YES;
				INFOPLIST_KEY_UILaunchStoryboardName = LaunchScreen;
				INFOPLIST_KEY_UIMainStoryboardFile = Main;
				INFOPLIST_KEY_UISupportedInterfaceOrientations_iPad = "UIInterfaceOrientationPortrait UIInterfaceOrientationPortraitUpsideDown UIInterfaceOrientationLandscapeLeft UIInterfaceOrientationLandscapeRight";
				INFOPLIST_KEY_UISupportedInterfaceOrientations_iPhone = "UIInterfaceOrientationPortrait UIInterfaceOrientationLandscapeLeft UIInterfaceOrientationLandscapeRight";
				IPHONEOS_DEPLOYMENT_TARGET = 16.6;
				LD_RUNPATH_SEARCH_PATHS = (
					"$(inherited)",
					"@executable_path/Frameworks",
				);
				MARKETING_VERSION = 1.0;
				PRODUCT_BUNDLE_IDENTIFIER = com.agesoftwareconslutingllc.SwiftLIbraries;
				PRODUCT_NAME = "$(TARGET_NAME)";
				SWIFT_EMIT_LOC_STRINGS = YES;
				SWIFT_VERSION = 5.0;
				TARGETED_DEVICE_FAMILY = "1,2";
			};
			name = Debug;
		};
		9D3C8E512AF3E0CD0064DDEB /* Release */ = {
			isa = XCBuildConfiguration;
			buildSettings = {
				ASSETCATALOG_COMPILER_APPICON_NAME = AppIcon;
				ASSETCATALOG_COMPILER_GLOBAL_ACCENT_COLOR_NAME = AccentColor;
				CODE_SIGN_STYLE = Automatic;
				CURRENT_PROJECT_VERSION = 1;
				DEVELOPMENT_TEAM = W9SQ355FV2;
				GENERATE_INFOPLIST_FILE = YES;
				INFOPLIST_FILE = UniversalChiLibs/SwiftLibraries/SwiftLibraries.plist;
				INFOPLIST_KEY_UIApplicationSupportsIndirectInputEvents = YES;
				INFOPLIST_KEY_UILaunchStoryboardName = LaunchScreen;
				INFOPLIST_KEY_UIMainStoryboardFile = Main;
				INFOPLIST_KEY_UISupportedInterfaceOrientations_iPad = "UIInterfaceOrientationPortrait UIInterfaceOrientationPortraitUpsideDown UIInterfaceOrientationLandscapeLeft UIInterfaceOrientationLandscapeRight";
				INFOPLIST_KEY_UISupportedInterfaceOrientations_iPhone = "UIInterfaceOrientationPortrait UIInterfaceOrientationLandscapeLeft UIInterfaceOrientationLandscapeRight";
				IPHONEOS_DEPLOYMENT_TARGET = 16.6;
				LD_RUNPATH_SEARCH_PATHS = (
					"$(inherited)",
					"@executable_path/Frameworks",
				);
				MARKETING_VERSION = 1.0;
				PRODUCT_BUNDLE_IDENTIFIER = com.agesoftwareconslutingllc.SwiftLIbraries;
				PRODUCT_NAME = "$(TARGET_NAME)";
				SWIFT_EMIT_LOC_STRINGS = YES;
				SWIFT_VERSION = 5.0;
				TARGETED_DEVICE_FAMILY = "1,2";
			};
			name = Release;
		};
		9D3C8EC82AF54CB50064DDEB /* Debug */ = {
			isa = XCBuildConfiguration;
			buildSettings = {
				ASSETCATALOG_COMPILER_APPICON_NAME = AppIcon;
				ASSETCATALOG_COMPILER_GLOBAL_ACCENT_COLOR_NAME = AccentColor;
				CODE_SIGN_STYLE = Automatic;
				CURRENT_PROJECT_VERSION = 1;
				DEVELOPMENT_TEAM = W9SQ355FV2;
				GENERATE_INFOPLIST_FILE = YES;
				INFOPLIST_FILE = UniversalChiLibs/SwiftLibsNoSB/SwiftLibsNoSB.plist;
				INFOPLIST_KEY_UIApplicationSupportsIndirectInputEvents = YES;
				INFOPLIST_KEY_UILaunchStoryboardName = LaunchScreen;
				INFOPLIST_KEY_UISupportedInterfaceOrientations_iPad = "UIInterfaceOrientationPortrait UIInterfaceOrientationPortraitUpsideDown UIInterfaceOrientationLandscapeLeft UIInterfaceOrientationLandscapeRight";
				INFOPLIST_KEY_UISupportedInterfaceOrientations_iPhone = "UIInterfaceOrientationPortrait UIInterfaceOrientationLandscapeLeft UIInterfaceOrientationLandscapeRight";
				IPHONEOS_DEPLOYMENT_TARGET = 16.6;
				LD_RUNPATH_SEARCH_PATHS = (
					"$(inherited)",
					"@executable_path/Frameworks",
				);
				MARKETING_VERSION = 1.0;
				PRODUCT_BUNDLE_IDENTIFIER = com.agesoftwareconslutingllc.SwiftLibsNoSB;
				PRODUCT_NAME = "$(TARGET_NAME)";
				SWIFT_EMIT_LOC_STRINGS = YES;
				SWIFT_VERSION = 5.0;
				TARGETED_DEVICE_FAMILY = "1,2";
			};
			name = Debug;
		};
		9D3C8EC92AF54CB50064DDEB /* Release */ = {
			isa = XCBuildConfiguration;
			buildSettings = {
				ASSETCATALOG_COMPILER_APPICON_NAME = AppIcon;
				ASSETCATALOG_COMPILER_GLOBAL_ACCENT_COLOR_NAME = AccentColor;
				CODE_SIGN_STYLE = Automatic;
				CURRENT_PROJECT_VERSION = 1;
				DEVELOPMENT_TEAM = W9SQ355FV2;
				GENERATE_INFOPLIST_FILE = YES;
				INFOPLIST_FILE = UniversalChiLibs/SwiftLibsNoSB/SwiftLibsNoSB.plist;
				INFOPLIST_KEY_UIApplicationSupportsIndirectInputEvents = YES;
				INFOPLIST_KEY_UILaunchStoryboardName = LaunchScreen;
				INFOPLIST_KEY_UISupportedInterfaceOrientations_iPad = "UIInterfaceOrientationPortrait UIInterfaceOrientationPortraitUpsideDown UIInterfaceOrientationLandscapeLeft UIInterfaceOrientationLandscapeRight";
				INFOPLIST_KEY_UISupportedInterfaceOrientations_iPhone = "UIInterfaceOrientationPortrait UIInterfaceOrientationLandscapeLeft UIInterfaceOrientationLandscapeRight";
				IPHONEOS_DEPLOYMENT_TARGET = 16.6;
				LD_RUNPATH_SEARCH_PATHS = (
					"$(inherited)",
					"@executable_path/Frameworks",
				);
				MARKETING_VERSION = 1.0;
				PRODUCT_BUNDLE_IDENTIFIER = com.agesoftwareconslutingllc.SwiftLibsNoSB;
				PRODUCT_NAME = "$(TARGET_NAME)";
				SWIFT_EMIT_LOC_STRINGS = YES;
				SWIFT_VERSION = 5.0;
				TARGETED_DEVICE_FAMILY = "1,2";
			};
			name = Release;
		};
		9D3C8EFE2AF58E010064DDEB /* Debug */ = {
			isa = XCBuildConfiguration;
			buildSettings = {
				ASSETCATALOG_COMPILER_APPICON_NAME = AppIcon;
				ASSETCATALOG_COMPILER_GLOBAL_ACCENT_COLOR_NAME = AccentColor;
				CODE_SIGN_STYLE = Automatic;
				CURRENT_PROJECT_VERSION = 1;
				DEVELOPMENT_ASSET_PATHS = "\"UniversalChiLibs/SwiftUILibraries/Preview Content\"";
				DEVELOPMENT_TEAM = W9SQ355FV2;
				ENABLE_PREVIEWS = YES;
				GENERATE_INFOPLIST_FILE = YES;
				INFOPLIST_KEY_UIApplicationSceneManifest_Generation = YES;
				INFOPLIST_KEY_UIApplicationSupportsIndirectInputEvents = YES;
				INFOPLIST_KEY_UILaunchScreen_Generation = YES;
				INFOPLIST_KEY_UISupportedInterfaceOrientations_iPad = "UIInterfaceOrientationPortrait UIInterfaceOrientationPortraitUpsideDown UIInterfaceOrientationLandscapeLeft UIInterfaceOrientationLandscapeRight";
				INFOPLIST_KEY_UISupportedInterfaceOrientations_iPhone = "UIInterfaceOrientationPortrait UIInterfaceOrientationLandscapeLeft UIInterfaceOrientationLandscapeRight";
				IPHONEOS_DEPLOYMENT_TARGET = 16.6;
				LD_RUNPATH_SEARCH_PATHS = (
					"$(inherited)",
					"@executable_path/Frameworks",
				);
				MARKETING_VERSION = 1.0;
				PRODUCT_BUNDLE_IDENTIFIER = com.agesoftwareconslutingllc.SwiftUILibraries;
				PRODUCT_NAME = "$(TARGET_NAME)";
				SWIFT_EMIT_LOC_STRINGS = YES;
				SWIFT_VERSION = 5.0;
				TARGETED_DEVICE_FAMILY = "1,2";
			};
			name = Debug;
		};
		9D3C8EFF2AF58E010064DDEB /* Release */ = {
			isa = XCBuildConfiguration;
			buildSettings = {
				ASSETCATALOG_COMPILER_APPICON_NAME = AppIcon;
				ASSETCATALOG_COMPILER_GLOBAL_ACCENT_COLOR_NAME = AccentColor;
				CODE_SIGN_STYLE = Automatic;
				CURRENT_PROJECT_VERSION = 1;
				DEVELOPMENT_ASSET_PATHS = "\"UniversalChiLibs/SwiftUILibraries/Preview Content\"";
				DEVELOPMENT_TEAM = W9SQ355FV2;
				ENABLE_PREVIEWS = YES;
				GENERATE_INFOPLIST_FILE = YES;
				INFOPLIST_KEY_UIApplicationSceneManifest_Generation = YES;
				INFOPLIST_KEY_UIApplicationSupportsIndirectInputEvents = YES;
				INFOPLIST_KEY_UILaunchScreen_Generation = YES;
				INFOPLIST_KEY_UISupportedInterfaceOrientations_iPad = "UIInterfaceOrientationPortrait UIInterfaceOrientationPortraitUpsideDown UIInterfaceOrientationLandscapeLeft UIInterfaceOrientationLandscapeRight";
				INFOPLIST_KEY_UISupportedInterfaceOrientations_iPhone = "UIInterfaceOrientationPortrait UIInterfaceOrientationLandscapeLeft UIInterfaceOrientationLandscapeRight";
				IPHONEOS_DEPLOYMENT_TARGET = 16.6;
				LD_RUNPATH_SEARCH_PATHS = (
					"$(inherited)",
					"@executable_path/Frameworks",
				);
				MARKETING_VERSION = 1.0;
				PRODUCT_BUNDLE_IDENTIFIER = com.agesoftwareconslutingllc.SwiftUILibraries;
				PRODUCT_NAME = "$(TARGET_NAME)";
				SWIFT_EMIT_LOC_STRINGS = YES;
				SWIFT_VERSION = 5.0;
				TARGETED_DEVICE_FAMILY = "1,2";
			};
			name = Release;
		};
/* End XCBuildConfiguration section */

/* Begin XCConfigurationList section */
		9D3C8E202AF3E0CB0064DDEB /* Build configuration list for PBXProject "UniversalChiLibs" */ = {
			isa = XCConfigurationList;
			buildConfigurations = (
				9D3C8E4D2AF3E0CD0064DDEB /* Debug */,
				9D3C8E4E2AF3E0CD0064DDEB /* Release */,
			);
			defaultConfigurationIsVisible = 0;
			defaultConfigurationName = Release;
		};
		9D3C8E4F2AF3E0CD0064DDEB /* Build configuration list for PBXNativeTarget "SwiftLibraries" */ = {
			isa = XCConfigurationList;
			buildConfigurations = (
				9D3C8E502AF3E0CD0064DDEB /* Debug */,
				9D3C8E512AF3E0CD0064DDEB /* Release */,
			);
			defaultConfigurationIsVisible = 0;
			defaultConfigurationName = Release;
		};
		9D3C8EC72AF54CB50064DDEB /* Build configuration list for PBXNativeTarget "SwiftLibsNoSB" */ = {
			isa = XCConfigurationList;
			buildConfigurations = (
				9D3C8EC82AF54CB50064DDEB /* Debug */,
				9D3C8EC92AF54CB50064DDEB /* Release */,
			);
			defaultConfigurationIsVisible = 0;
			defaultConfigurationName = Release;
		};
		9D3C8EFD2AF58E010064DDEB /* Build configuration list for PBXNativeTarget "SwiftUILibraries" */ = {
			isa = XCConfigurationList;
			buildConfigurations = (
				9D3C8EFE2AF58E010064DDEB /* Debug */,
				9D3C8EFF2AF58E010064DDEB /* Release */,
			);
			defaultConfigurationIsVisible = 0;
			defaultConfigurationName = Release;
		};
/* End XCConfigurationList section */
	};
	rootObject = 9D3C8E1D2AF3E0CB0064DDEB /* Project object */;
}
