{
  "originHash" : "88e2f2540e110b88b292caa8e51674c25c160ef06b260b8ad8dc8d92e8b116a6",
  "pins" : [
    {
      "identity" : "swift-algorithms",
      "kind" : "remoteSourceControl",
      "location" : "https://github.com/apple/swift-algorithms.git",
      "state" : {
        "revision" : "f6919dfc309e7f1b56224378b11e28bab5bccc42",
        "version" : "1.2.0"
      }
    },
    {
      "identity" : "swift-numerics",
      "kind" : "remoteSourceControl",
      "location" : "https://github.com/apple/swift-numerics.git",
      "state" : {
        "revision" : "0a5bc04095a675662cf24757cc0640aa2204253b",
        "version" : "1.0.2"
      }
    },
    {
      "identity" : "swiftsoup",
      "kind" : "remoteSourceControl",
      "location" : "https://github.com/scinfu/SwiftSoup.git",
      "state" : {
        "revision" : "028487d4a8a291b2fe1b4392b5425b6172056148",
        "version" : "2.7.2"
      }
    },
    {
      "identity" : "webservice",
      "kind" : "remoteSourceControl",
      "location" : "https://github.com/lingoslinger/WebService",
      "state" : {
        "revision" : "ee8f52da5385840ca71f2a8ded562ee7a12081fb",
        "version" : "1.0.2"
      }
    }
  ],
  "version" : 3
}
